
Microsoft Visual Studio Solution File, Format Version 12.00
# Visual Studio 2013
VisualStudioVersion = 12.0.30723.0
MinimumVisualStudioVersion = 10.0.40219.1
Project("{FAE04EC0-301F-11D3-BF4B-00C04F79EFBC}") = "Kokosnoot", "Kokosnoot\Kokosnoot.csproj", "{B0608A31-D87D-4738-A6A3-7949C83AF57A}"
EndProject
Project("{FAE04EC0-301F-11D3-BF4B-00C04F79EFBC}") = "Kokosnoot.Tests", "..\..\Visual Studio 2013\Projects\Kokosnoot\Kokosnoot.Tests\Kokosnoot.Tests.csproj", "{20B463AC-E026-4BAF-A55B-E42BFF5270A1}"
EndProject
Global
	GlobalSection(SolutionConfigurationPlatforms) = preSolution
		Debug|Any CPU = Debug|Any CPU
		Release|Any CPU = Release|Any CPU
	EndGlobalSection
	GlobalSection(ProjectConfigurationPlatforms) = postSolution
		{B0608A31-D87D-4738-A6A3-7949C83AF57A}.Debug|Any CPU.ActiveCfg = Debug|Any CPU
		{B0608A31-D87D-4738-A6A3-7949C83AF57A}.Debug|Any CPU.Build.0 = Debug|Any CPU
		{B0608A31-D87D-4738-A6A3-7949C83AF57A}.Release|Any CPU.ActiveCfg = Release|Any CPU
		{B0608A31-D87D-4738-A6A3-7949C83AF57A}.Release|Any CPU.Build.0 = Release|Any CPU
		{20B463AC-E026-4BAF-A55B-E42BFF5270A1}.Debug|Any CPU.ActiveCfg = Debug|Any CPU
		{20B463AC-E026-4BAF-A55B-E42BFF5270A1}.Debug|Any CPU.Build.0 = Debug|Any CPU
		{20B463AC-E026-4BAF-A55B-E42BFF5270A1}.Release|Any CPU.ActiveCfg = Release|Any CPU
		{20B463AC-E026-4BAF-A55B-E42BFF5270A1}.Release|Any CPU.Build.0 = Release|Any CPU
	EndGlobalSection
	GlobalSection(SolutionProperties) = preSolution
		HideSolutionNode = FALSE
	EndGlobalSection
EndGlobal
